// !$*UTF8*$!
{
	archiveVersion = 1;
	classes = {
	};
	objectVersion = 48;
	objects = {

/* Begin PBXBuildFile section */
		A86226FB202FED6C003A357F /* AppDelegate.swift in Sources */ = {isa = PBXBuildFile; fileRef = A86226FA202FED6C003A357F /* AppDelegate.swift */; };
		A86226FD202FED6C003A357F /* ViewController.swift in Sources */ = {isa = PBXBuildFile; fileRef = A86226FC202FED6C003A357F /* ViewController.swift */; };
		A8622700202FED6C003A357F /* Main.storyboard in Resources */ = {isa = PBXBuildFile; fileRef = A86226FE202FED6C003A357F /* Main.storyboard */; };
		A8622702202FED6C003A357F /* Assets.xcassets in Resources */ = {isa = PBXBuildFile; fileRef = A8622701202FED6C003A357F /* Assets.xcassets */; };
		A8622705202FED6C003A357F /* LaunchScreen.storyboard in Resources */ = {isa = PBXBuildFile; fileRef = A8622703202FED6C003A357F /* LaunchScreen.storyboard */; };
		A8622710202FED6C003A357F /* MobilePriceTests.swift in Sources */ = {isa = PBXBuildFile; fileRef = A862270F202FED6C003A357F /* MobilePriceTests.swift */; };
/* End PBXBuildFile section */

/* Begin PBXContainerItemProxy section */
		A862270C202FED6C003A357F /* PBXContainerItemProxy */ = {
			isa = PBXContainerItemProxy;
			containerPortal = A86226EF202FED6C003A357F /* Project object */;
			proxyType = 1;
			remoteGlobalIDString = A86226F6202FED6C003A357F;
			remoteInfo = MobilePrice;
		};
/* End PBXContainerItemProxy section */

/* Begin PBXFileReference section */
		A86226F7202FED6C003A357F /* MobilePrice.app */ = {isa = PBXFileReference; explicitFileType = wrapper.application; includeInIndex = 0; path = MobilePrice.app; sourceTree = BUILT_PRODUCTS_DIR; };
		A86226FA202FED6C003A357F /* AppDelegate.swift */ = {isa = PBXFileReference; lastKnownFileType = sourcecode.swift; path = AppDelegate.swift; sourceTree = "<group>"; };
		A86226FC202FED6C003A357F /* ViewController.swift */ = {isa = PBXFileReference; lastKnownFileType = sourcecode.swift; path = ViewController.swift; sourceTree = "<group>"; };
		A86226FF202FED6C003A357F /* Base */ = {isa = PBXFileReference; lastKnownFileType = file.storyboard; name = Base; path = Base.lproj/Main.storyboard; sourceTree = "<group>"; };
		A8622701202FED6C003A357F /* Assets.xcassets */ = {isa = PBXFileReference; lastKnownFileType = folder.assetcatalog; path = Assets.xcassets; sourceTree = "<group>"; };
		A8622704202FED6C003A357F /* Base */ = {isa = PBXFileReference; lastKnownFileType = file.storyboard; name = Base; path = Base.lproj/LaunchScreen.storyboard; sourceTree = "<group>"; };
		A8622706202FED6C003A357F /* Info.plist */ = {isa = PBXFileReference; lastKnownFileType = text.plist.xml; path = Info.plist; sourceTree = "<group>"; };
		A862270B202FED6C003A357F /* MobilePriceTests.xctest */ = {isa = PBXFileReference; explicitFileType = wrapper.cfbundle; includeInIndex = 0; path = MobilePriceTests.xctest; sourceTree = BUILT_PRODUCTS_DIR; };
		A862270F202FED6C003A357F /* MobilePriceTests.swift */ = {isa = PBXFileReference; lastKnownFileType = sourcecode.swift; path = MobilePriceTests.swift; sourceTree = "<group>"; };
		A8622711202FED6C003A357F /* Info.plist */ = {isa = PBXFileReference; lastKnownFileType = text.plist.xml; path = Info.plist; sourceTree = "<group>"; };
/* End PBXFileReference section */

/* Begin PBXFrameworksBuildPhase section */
		A86226F4202FED6C003A357F /* Frameworks */ = {
			isa = PBXFrameworksBuildPhase;
			buildActionMask = 2147483647;
			files = (
			);
			runOnlyForDeploymentPostprocessing = 0;
		};
		A8622708202FED6C003A357F /* Frameworks */ = {
			isa = PBXFrameworksBuildPhase;
			buildActionMask = 2147483647;
			files = (
			);
			runOnlyForDeploymentPostprocessing = 0;
		};
/* End PBXFrameworksBuildPhase section */

/* Begin PBXGroup section */
		A86226EE202FED6C003A357F = {
			isa = PBXGroup;
			children = (
				A86226F9202FED6C003A357F /* MobilePrice */,
				A862270E202FED6C003A357F /* MobilePriceTests */,
				A86226F8202FED6C003A357F /* Products */,
			);
			sourceTree = "<group>";
		};
		A86226F8202FED6C003A357F /* Products */ = {
			isa = PBXGroup;
			children = (
				A86226F7202FED6C003A357F /* MobilePrice.app */,
				A862270B202FED6C003A357F /* MobilePriceTests.xctest */,
			);
			name = Products;
			sourceTree = "<group>";
		};
		A86226F9202FED6C003A357F /* MobilePrice */ = {
			isa = PBXGroup;
			children = (
				A86226FA202FED6C003A357F /* AppDelegate.swift */,
				A86226FC202FED6C003A357F /* ViewController.swift */,
				A86226FE202FED6C003A357F /* Main.storyboard */,
				A8622701202FED6C003A357F /* Assets.xcassets */,
				A8622703202FED6C003A357F /* LaunchScreen.storyboard */,
				A8622706202FED6C003A357F /* Info.plist */,
			);
			path = MobilePrice;
			sourceTree = "<group>";
		};
		A862270E202FED6C003A357F /* MobilePriceTests */ = {
			isa = PBXGroup;
			children = (
				A862270F202FED6C003A357F /* MobilePriceTests.swift */,
				A8622711202FED6C003A357F /* Info.plist */,
			);
			path = MobilePriceTests;
			sourceTree = "<group>";
		};
/* End PBXGroup section */

/* Begin PBXNativeTarget section */
		A86226F6202FED6C003A357F /* MobilePrice */ = {
			isa = PBXNativeTarget;
			buildConfigurationList = A8622714202FED6C003A357F /* Build configuration list for PBXNativeTarget "MobilePrice" */;
			buildPhases = (
				A86226F3202FED6C003A357F /* Sources */,
				A86226F4202FED6C003A357F /* Frameworks */,
				A86226F5202FED6C003A357F /* Resources */,
			);
			buildRules = (
			);
			dependencies = (
			);
			name = MobilePrice;
			productName = MobilePrice;
			productReference = A86226F7202FED6C003A357F /* MobilePrice.app */;
			productType = "com.apple.product-type.application";
		};
		A862270A202FED6C003A357F /* MobilePriceTests */ = {
			isa = PBXNativeTarget;
			buildConfigurationList = A8622717202FED6C003A357F /* Build configuration list for PBXNativeTarget "MobilePriceTests" */;
			buildPhases = (
				A8622707202FED6C003A357F /* Sources */,
				A8622708202FED6C003A357F /* Frameworks */,
				A8622709202FED6C003A357F /* Resources */,
			);
			buildRules = (
			);
			dependencies = (
				A862270D202FED6C003A357F /* PBXTargetDependency */,
			);
			name = MobilePriceTests;
			productName = MobilePriceTests;
			productReference = A862270B202FED6C003A357F /* MobilePriceTests.xctest */;
			productType = "com.apple.product-type.bundle.unit-test";
		};
/* End PBXNativeTarget section */

/* Begin PBXProject section */
		A86226EF202FED6C003A357F /* Project object */ = {
			isa = PBXProject;
			attributes = {
				LastSwiftUpdateCheck = 0920;
				LastUpgradeCheck = 0920;
				ORGANIZATIONNAME = mrhangz;
				TargetAttributes = {
					A86226F6202FED6C003A357F = {
						CreatedOnToolsVersion = 9.2;
						ProvisioningStyle = Automatic;
					};
					A862270A202FED6C003A357F = {
						CreatedOnToolsVersion = 9.2;
						ProvisioningStyle = Automatic;
						TestTargetID = A86226F6202FED6C003A357F;
					};
				};
			};
			buildConfigurationList = A86226F2202FED6C003A357F /* Build configuration list for PBXProject "MobilePrice" */;
			compatibilityVersion = "Xcode 8.0";
			developmentRegion = en;
			hasScannedForEncodings = 0;
			knownRegions = (
				en,
				Base,
			);
			mainGroup = A86226EE202FED6C003A357F;
			productRefGroup = A86226F8202FED6C003A357F /* Products */;
			projectDirPath = "";
			projectRoot = "";
			targets = (
				A86226F6202FED6C003A357F /* MobilePrice */,
				A862270A202FED6C003A357F /* MobilePriceTests */,
			);
		};
/* End PBXProject section */

/* Begin PBXResourcesBuildPhase section */
		A86226F5202FED6C003A357F /* Resources */ = {
			isa = PBXResourcesBuildPhase;
			buildActionMask = 2147483647;
			files = (
				A8622705202FED6C003A357F /* LaunchScreen.storyboard in Resources */,
				A8622702202FED6C003A357F /* Assets.xcassets in Resources */,
				A8622700202FED6C003A357F /* Main.storyboard in Resources */,
			);
			runOnlyForDeploymentPostprocessing = 0;
		};
		A8622709202FED6C003A357F /* Resources */ = {
			isa = PBXResourcesBuildPhase;
			buildActionMask = 2147483647;
			files = (
			);
			runOnlyForDeploymentPostprocessing = 0;
		};
/* End PBXResourcesBuildPhase section */

/* Begin PBXSourcesBuildPhase section */
		A86226F3202FED6C003A357F /* Sources */ = {
			isa = PBXSourcesBuildPhase;
			buildActionMask = 2147483647;
			files = (
				A86226FD202FED6C003A357F /* ViewController.swift in Sources */,
				A86226FB202FED6C003A357F /* AppDelegate.swift in Sources */,
			);
			runOnlyForDeploymentPostprocessing = 0;
		};
		A8622707202FED6C003A357F /* Sources */ = {
			isa = PBXSourcesBuildPhase;
			buildActionMask = 2147483647;
			files = (
				A8622710202FED6C003A357F /* MobilePriceTests.swift in Sources */,
			);
			runOnlyForDeploymentPostprocessing = 0;
		};
/* End PBXSourcesBuildPhase section */

/* Begin PBXTargetDependency section */
		A862270D202FED6C003A357F /* PBXTargetDependency */ = {
			isa = PBXTargetDependency;
			target = A86226F6202FED6C003A357F /* MobilePrice */;
			targetProxy = A862270C202FED6C003A357F /* PBXContainerItemProxy */;
		};
/* End PBXTargetDependency section */

/* Begin PBXVariantGroup section */
		A86226FE202FED6C003A357F /* Main.storyboard */ = {
			isa = PBXVariantGroup;
			children = (
				A86226FF202FED6C003A357F /* Base */,
			);
			name = Main.storyboard;
			sourceTree = "<group>";
		};
		A8622703202FED6C003A357F /* LaunchScreen.storyboard */ = {
			isa = PBXVariantGroup;
			children = (
				A8622704202FED6C003A357F /* Base */,
			);
			name = LaunchScreen.storyboard;
			sourceTree = "<group>";
		};
/* End PBXVariantGroup section */

/* Begin XCBuildConfiguration section */
		A8622712202FED6C003A357F /* Debug */ = {
			isa = XCBuildConfiguration;
			buildSettings = {
				ALWAYS_SEARCH_USER_PATHS = NO;
				CLANG_ANALYZER_NONNULL = YES;
				CLANG_ANALYZER_NUMBER_OBJECT_CONVERSION = YES_AGGRESSIVE;
				CLANG_CXX_LANGUAGE_STANDARD = "gnu++14";
				CLANG_CXX_LIBRARY = "libc++";
				CLANG_ENABLE_MODULES = YES;
				CLANG_ENABLE_OBJC_ARC = YES;
				CLANG_WARN_BLOCK_CAPTURE_AUTORELEASING = YES;
				CLANG_WARN_BOOL_CONVERSION = YES;
				CLANG_WARN_COMMA = YES;
				CLANG_WARN_CONSTANT_CONVERSION = YES;
				CLANG_WARN_DIRECT_OBJC_ISA_USAGE = YES_ERROR;
				CLANG_WARN_DOCUMENTATION_COMMENTS = YES;
				CLANG_WARN_EMPTY_BODY = YES;
				CLANG_WARN_ENUM_CONVERSION = YES;
				CLANG_WARN_INFINITE_RECURSION = YES;
				CLANG_WARN_INT_CONVERSION = YES;
				CLANG_WARN_NON_LITERAL_NULL_CONVERSION = YES;
				CLANG_WARN_OBJC_LITERAL_CONVERSION = YES;
				CLANG_WARN_OBJC_ROOT_CLASS = YES_ERROR;
				CLANG_WARN_RANGE_LOOP_ANALYSIS = YES;
				CLANG_WARN_STRICT_PROTOTYPES = YES;
				CLANG_WARN_SUSPICIOUS_MOVE = YES;
				CLANG_WARN_UNGUARDED_AVAILABILITY = YES_AGGRESSIVE;
				CLANG_WARN_UNREACHABLE_CODE = YES;
				CLANG_WARN__DUPLICATE_METHOD_MATCH = YES;
				CODE_SIGN_IDENTITY = "iPhone Developer";
				COPY_PHASE_STRIP = NO;
				DEBUG_INFORMATION_FORMAT = dwarf;
				ENABLE_STRICT_OBJC_MSGSEND = YES;
				ENABLE_TESTABILITY = YES;
				GCC_C_LANGUAGE_STANDARD = gnu11;
				GCC_DYNAMIC_NO_PIC = NO;
				GCC_NO_COMMON_BLOCKS = YES;
				GCC_OPTIMIZATION_LEVEL = 0;
				GCC_PREPROCESSOR_DEFINITIONS = (
					"DEBUG=1",
					"$(inherited)",
				);
				GCC_WARN_64_TO_32_BIT_CONVERSION = YES;
				GCC_WARN_ABOUT_RETURN_TYPE = YES_ERROR;
				GCC_WARN_UNDECLARED_SELECTOR = YES;
				GCC_WARN_UNINITIALIZED_AUTOS = YES_AGGRESSIVE;
				GCC_WARN_UNUSED_FUNCTION = YES;
				GCC_WARN_UNUSED_VARIABLE = YES;
				IPHONEOS_DEPLOYMENT_TARGET = 11.2;
				MTL_ENABLE_DEBUG_INFO = YES;
				ONLY_ACTIVE_ARCH = YES;
				SDKROOT = iphoneos;
				SWIFT_ACTIVE_COMPILATION_CONDITIONS = DEBUG;
				SWIFT_OPTIMIZATION_LEVEL = "-Onone";
			};
			name = Debug;
		};
		A8622713202FED6C003A357F /* Release */ = {
			isa = XCBuildConfiguration;
			buildSettings = {
				ALWAYS_SEARCH_USER_PATHS = NO;
				CLANG_ANALYZER_NONNULL = YES;
				CLANG_ANALYZER_NUMBER_OBJECT_CONVERSION = YES_AGGRESSIVE;
				CLANG_CXX_LANGUAGE_STANDARD = "gnu++14";
				CLANG_CXX_LIBRARY = "libc++";
				CLANG_ENABLE_MODULES = YES;
				CLANG_ENABLE_OBJC_ARC = YES;
				CLANG_WARN_BLOCK_CAPTURE_AUTORELEASING = YES;
				CLANG_WARN_BOOL_CONVERSION = YES;
				CLANG_WARN_COMMA = YES;
				CLANG_WARN_CONSTANT_CONVERSION = YES;
				CLANG_WARN_DIRECT_OBJC_ISA_USAGE = YES_ERROR;
				CLANG_WARN_DOCUMENTATION_COMMENTS = YES;
				CLANG_WARN_EMPTY_BODY = YES;
				CLANG_WARN_ENUM_CONVERSION = YES;
				CLANG_WARN_INFINITE_RECURSION = YES;
				CLANG_WARN_INT_CONVERSION = YES;
				CLANG_WARN_NON_LITERAL_NULL_CONVERSION = YES;
				CLANG_WARN_OBJC_LITERAL_CONVERSION = YES;
				CLANG_WARN_OBJC_ROOT_CLASS = YES_ERROR;
				CLANG_WARN_RANGE_LOOP_ANALYSIS = YES;
				CLANG_WARN_STRICT_PROTOTYPES = YES;
				CLANG_WARN_SUSPICIOUS_MOVE = YES;
				CLANG_WARN_UNGUARDED_AVAILABILITY = YES_AGGRESSIVE;
				CLANG_WARN_UNREACHABLE_CODE = YES;
				CLANG_WARN__DUPLICATE_METHOD_MATCH = YES;
				CODE_SIGN_IDENTITY = "iPhone Developer";
				COPY_PHASE_STRIP = NO;
				DEBUG_INFORMATION_FORMAT = "dwarf-with-dsym";
				ENABLE_NS_ASSERTIONS = NO;
				ENABLE_STRICT_OBJC_MSGSEND = YES;
				GCC_C_LANGUAGE_STANDARD = gnu11;
				GCC_NO_COMMON_BLOCKS = YES;
				GCC_WARN_64_TO_32_BIT_CONVERSION = YES;
				GCC_WARN_ABOUT_RETURN_TYPE = YES_ERROR;
				GCC_WARN_UNDECLARED_SELECTOR = YES;
				GCC_WARN_UNINITIALIZED_AUTOS = YES_AGGRESSIVE;
				GCC_WARN_UNUSED_FUNCTION = YES;
				GCC_WARN_UNUSED_VARIABLE = YES;
				IPHONEOS_DEPLOYMENT_TARGET = 11.2;
				MTL_ENABLE_DEBUG_INFO = NO;
				SDKROOT = iphoneos;
				SWIFT_OPTIMIZATION_LEVEL = "-Owholemodule";
				VALIDATE_PRODUCT = YES;
			};
			name = Release;
		};
		A8622715202FED6C003A357F /* Debug */ = {
			isa = XCBuildConfiguration;
			buildSettings = {
				ASSETCATALOG_COMPILER_APPICON_NAME = AppIcon;
				CODE_SIGN_STYLE = Automatic;
				DEVELOPMENT_TEAM = 9T93B6TD9Q;
				INFOPLIST_FILE = MobilePrice/Info.plist;
				LD_RUNPATH_SEARCH_PATHS = "$(inherited) @executable_path/Frameworks";
				PRODUCT_BUNDLE_IDENTIFIER = com.mrhangz.MobilePrice;
				PRODUCT_NAME = "$(TARGET_NAME)";
				SWIFT_VERSION = 4.0;
				TARGETED_DEVICE_FAMILY = "1,2";
			};
			name = Debug;
		};
		A8622716202FED6C003A357F /* Release */ = {
			isa = XCBuildConfiguration;
			buildSettings = {
				ASSETCATALOG_COMPILER_APPICON_NAME = AppIcon;
				CODE_SIGN_STYLE = Automatic;
				DEVELOPMENT_TEAM = 9T93B6TD9Q;
				INFOPLIST_FILE = MobilePrice/Info.plist;
				LD_RUNPATH_SEARCH_PATHS = "$(inherited) @executable_path/Frameworks";
				PRODUCT_BUNDLE_IDENTIFIER = com.mrhangz.MobilePrice;
				PRODUCT_NAME = "$(TARGET_NAME)";
				SWIFT_VERSION = 4.0;
				TARGETED_DEVICE_FAMILY = "1,2";
			};
			name = Release;
		};
		A8622718202FED6C003A357F /* Debug */ = {
			isa = XCBuildConfiguration;
			buildSettings = {
				ALWAYS_EMBED_SWIFT_STANDARD_LIBRARIES = YES;
				BUNDLE_LOADER = "$(TEST_HOST)";
				CODE_SIGN_STYLE = Automatic;
				DEVELOPMENT_TEAM = 9T93B6TD9Q;
				INFOPLIST_FILE = MobilePriceTests/Info.plist;
				LD_RUNPATH_SEARCH_PATHS = "$(inherited) @executable_path/Frameworks @loader_path/Frameworks";
				PRODUCT_BUNDLE_IDENTIFIER = com.mrhangz.MobilePriceTests;
				PRODUCT_NAME = "$(TARGET_NAME)";
				SWIFT_VERSION = 4.0;
				TARGETED_DEVICE_FAMILY = "1,2";
				TEST_HOST = "$(BUILT_PRODUCTS_DIR)/MobilePrice.app/MobilePrice";
			};
			name = Debug;
		};
		A8622719202FED6C003A357F /* Release */ = {
			isa = XCBuildConfiguration;
			buildSettings = {
				ALWAYS_EMBED_SWIFT_STANDARD_LIBRARIES = YES;
				BUNDLE_LOADER = "$(TEST_HOST)";
				CODE_SIGN_STYLE = Automatic;
				DEVELOPMENT_TEAM = 9T93B6TD9Q;
				INFOPLIST_FILE = MobilePriceTests/Info.plist;
				LD_RUNPATH_SEARCH_PATHS = "$(inherited) @executable_path/Frameworks @loader_path/Frameworks";
				PRODUCT_BUNDLE_IDENTIFIER = com.mrhangz.MobilePriceTests;
				PRODUCT_NAME = "$(TARGET_NAME)";
				SWIFT_VERSION = 4.0;
				TARGETED_DEVICE_FAMILY = "1,2";
				TEST_HOST = "$(BUILT_PRODUCTS_DIR)/MobilePrice.app/MobilePrice";
			};
			name = Release;
		};
/* End XCBuildConfiguration section */

/* Begin XCConfigurationList section */
		A86226F2202FED6C003A357F /* Build configuration list for PBXProject "MobilePrice" */ = {
			isa = XCConfigurationList;
			buildConfigurations = (
				A8622712202FED6C003A357F /* Debug */,
				A8622713202FED6C003A357F /* Release */,
			);
			defaultConfigurationIsVisible = 0;
			defaultConfigurationName = Release;
		};
		A8622714202FED6C003A357F /* Build configuration list for PBXNativeTarget "MobilePrice" */ = {
			isa = XCConfigurationList;
			buildConfigurations = (
				A8622715202FED6C003A357F /* Debug */,
				A8622716202FED6C003A357F /* Release */,
			);
			defaultConfigurationIsVisible = 0;
			defaultConfigurationName = Release;
		};
		A8622717202FED6C003A357F /* Build configuration list for PBXNativeTarget "MobilePriceTests" */ = {
			isa = XCConfigurationList;
			buildConfigurations = (
				A8622718202FED6C003A357F /* Debug */,
				A8622719202FED6C003A357F /* Release */,
			);
			defaultConfigurationIsVisible = 0;
			defaultConfigurationName = Release;
		};
/* End XCConfigurationList section */
	};
	rootObject = A86226EF202FED6C003A357F /* Project object */;
}
